
Microsoft Visual Studio Solution File, Format Version 12.00
# Visual Studio 2012
Project("{FAE04EC0-301F-11D3-BF4B-00C04F79EFBC}") = "Heap", "Heap\Heap.csproj", "{BD836185-2AD6-4333-986B-2C51F954FBEF}"
EndProject
Global
	GlobalSection(SolutionConfigurationPlatforms) = preSolution
		Debug|Any CPU = Debug|Any CPU
		Release|Any CPU = Release|Any CPU
	EndGlobalSection
	GlobalSection(ProjectConfigurationPlatforms) = postSolution
		{BD836185-2AD6-4333-986B-2C51F954FBEF}.Debug|Any CPU.ActiveCfg = Debug|Any CPU
		{BD836185-2AD6-4333-986B-2C51F954FBEF}.Debug|Any CPU.Build.0 = Debug|Any CPU
		{BD836185-2AD6-4333-986B-2C51F954FBEF}.Release|Any CPU.ActiveCfg = Release|Any CPU
		{BD836185-2AD6-4333-986B-2C51F954FBEF}.Release|Any CPU.Build.0 = Release|Any CPU
	EndGlobalSection
	GlobalSection(SolutionProperties) = preSolution
		HideSolutionNode = FALSE
	EndGlobalSection
EndGlobal
