
Microsoft Visual Studio Solution File, Format Version 12.00
# Visual Studio 2012
Project("{FAE04EC0-301F-11D3-BF4B-00C04F79EFBC}") = "Algoritmo Backtracking", "Algoritmo Backtracking\Algoritmo Backtracking.csproj", "{6945BCA7-159F-4CCA-8646-E6B593BBD88F}"
EndProject
Global
	GlobalSection(SolutionConfigurationPlatforms) = preSolution
		Debug|Any CPU = Debug|Any CPU
		Release|Any CPU = Release|Any CPU
	EndGlobalSection
	GlobalSection(ProjectConfigurationPlatforms) = postSolution
		{6945BCA7-159F-4CCA-8646-E6B593BBD88F}.Debug|Any CPU.ActiveCfg = Debug|Any CPU
		{6945BCA7-159F-4CCA-8646-E6B593BBD88F}.Debug|Any CPU.Build.0 = Debug|Any CPU
		{6945BCA7-159F-4CCA-8646-E6B593BBD88F}.Release|Any CPU.ActiveCfg = Release|Any CPU
		{6945BCA7-159F-4CCA-8646-E6B593BBD88F}.Release|Any CPU.Build.0 = Release|Any CPU
	EndGlobalSection
	GlobalSection(SolutionProperties) = preSolution
		HideSolutionNode = FALSE
	EndGlobalSection
EndGlobal
