
Microsoft Visual Studio Solution File, Format Version 12.00
# Visual Studio 2012
Project("{FAE04EC0-301F-11D3-BF4B-00C04F79EFBC}") = "ShellSort", "ShellSort\ShellSort.csproj", "{AD6FCDFC-616D-4E9B-9AD5-269F7A8B053B}"
EndProject
Global
	GlobalSection(SolutionConfigurationPlatforms) = preSolution
		Debug|Any CPU = Debug|Any CPU
		Release|Any CPU = Release|Any CPU
	EndGlobalSection
	GlobalSection(ProjectConfigurationPlatforms) = postSolution
		{AD6FCDFC-616D-4E9B-9AD5-269F7A8B053B}.Debug|Any CPU.ActiveCfg = Debug|Any CPU
		{AD6FCDFC-616D-4E9B-9AD5-269F7A8B053B}.Debug|Any CPU.Build.0 = Debug|Any CPU
		{AD6FCDFC-616D-4E9B-9AD5-269F7A8B053B}.Release|Any CPU.ActiveCfg = Release|Any CPU
		{AD6FCDFC-616D-4E9B-9AD5-269F7A8B053B}.Release|Any CPU.Build.0 = Release|Any CPU
	EndGlobalSection
	GlobalSection(SolutionProperties) = preSolution
		HideSolutionNode = FALSE
	EndGlobalSection
EndGlobal
